
Microsoft Visual Studio Solution File, Format Version 12.00
# Visual Studio Version 17
VisualStudioVersion = 17.0.31903.59
MinimumVisualStudioVersion = 10.0.40219.1
Project("{2150E333-8FDC-42A3-9474-1A3956D46DE8}") = "src", "src", "{AD332958-C05D-4C10-8DBF-457D5E8E7DEC}"
EndProject
Project("{FAE04EC0-301F-11D3-BF4B-00C04F79EFBC}") = "App.WebApi", "src\App.WebApi\App.WebApi.csproj", "{2C5410EB-0DFB-45D6-8BCA-6E668DBD6E3D}"
EndProject
Project("{FAE04EC0-301F-11D3-BF4B-00C04F79EFBC}") = "App.Application", "src\App.Application\App.Application.csproj", "{5A57AD7A-3200-4237-9188-9B152A3B826F}"
EndProject
Project("{2150E333-8FDC-42A3-9474-1A3956D46DE8}") = "tests", "tests", "{669D85A8-DDD3-4434-AA7B-3EF999676BAB}"
EndProject
Project("{FAE04EC0-301F-11D3-BF4B-00C04F79EFBC}") = "App.UnitTests", "tests\App.UnitTests\App.UnitTests.csproj", "{C0EE82B6-7097-440B-A463-7E7198A089A9}"
EndProject
Global
	GlobalSection(SolutionConfigurationPlatforms) = preSolution
		Debug|Any CPU = Debug|Any CPU
		Release|Any CPU = Release|Any CPU
	EndGlobalSection
	GlobalSection(SolutionProperties) = preSolution
		HideSolutionNode = FALSE
	EndGlobalSection
	GlobalSection(ProjectConfigurationPlatforms) = postSolution
		{2C5410EB-0DFB-45D6-8BCA-6E668DBD6E3D}.Debug|Any CPU.ActiveCfg = Debug|Any CPU
		{2C5410EB-0DFB-45D6-8BCA-6E668DBD6E3D}.Debug|Any CPU.Build.0 = Debug|Any CPU
		{2C5410EB-0DFB-45D6-8BCA-6E668DBD6E3D}.Release|Any CPU.ActiveCfg = Release|Any CPU
		{2C5410EB-0DFB-45D6-8BCA-6E668DBD6E3D}.Release|Any CPU.Build.0 = Release|Any CPU
		{5A57AD7A-3200-4237-9188-9B152A3B826F}.Debug|Any CPU.ActiveCfg = Debug|Any CPU
		{5A57AD7A-3200-4237-9188-9B152A3B826F}.Debug|Any CPU.Build.0 = Debug|Any CPU
		{5A57AD7A-3200-4237-9188-9B152A3B826F}.Release|Any CPU.ActiveCfg = Release|Any CPU
		{5A57AD7A-3200-4237-9188-9B152A3B826F}.Release|Any CPU.Build.0 = Release|Any CPU
		{C0EE82B6-7097-440B-A463-7E7198A089A9}.Debug|Any CPU.ActiveCfg = Debug|Any CPU
		{C0EE82B6-7097-440B-A463-7E7198A089A9}.Debug|Any CPU.Build.0 = Debug|Any CPU
		{C0EE82B6-7097-440B-A463-7E7198A089A9}.Release|Any CPU.ActiveCfg = Release|Any CPU
		{C0EE82B6-7097-440B-A463-7E7198A089A9}.Release|Any CPU.Build.0 = Release|Any CPU
	EndGlobalSection
	GlobalSection(NestedProjects) = preSolution
		{2C5410EB-0DFB-45D6-8BCA-6E668DBD6E3D} = {AD332958-C05D-4C10-8DBF-457D5E8E7DEC}
		{5A57AD7A-3200-4237-9188-9B152A3B826F} = {AD332958-C05D-4C10-8DBF-457D5E8E7DEC}
		{C0EE82B6-7097-440B-A463-7E7198A089A9} = {669D85A8-DDD3-4434-AA7B-3EF999676BAB}
	EndGlobalSection
EndGlobal
